
Microsoft Visual Studio Solution File, Format Version 12.00
Project("{FAE04EC0-301F-11D3-BF4B-00C04F79EFBC}") = "TicketShop.EventCatalog", "TicketShop.EventCatalog\TicketShop.EventCatalog.csproj", "{5D78D78A-83E8-4D1F-9D70-C4BB516D5730}"
EndProject
Project("{FAE04EC0-301F-11D3-BF4B-00C04F79EFBC}") = "TicketShop.ShoppingBasket", "TicketShop.ShoppingBasket\TicketShop.ShoppingBasket.csproj", "{BC3F34B8-7100-453E-B8EB-519FAB1CC0BC}"
EndProject
Project("{FAE04EC0-301F-11D3-BF4B-00C04F79EFBC}") = "TicketShop.Gateway", "TicketShop.Gateway\TicketShop.Gateway.csproj", "{4D8951A2-F6FA-4AAC-9472-B9F8299CED04}"
EndProject
Project("{FAE04EC0-301F-11D3-BF4B-00C04F79EFBC}") = "TicketShop.Payments", "TicketShop.Payments\TicketShop.Payments.csproj", "{02D74D81-5F5D-4D35-879B-3A70E42B636D}"
EndProject
Global
	GlobalSection(SolutionConfigurationPlatforms) = preSolution
		Debug|Any CPU = Debug|Any CPU
		Release|Any CPU = Release|Any CPU
	EndGlobalSection
	GlobalSection(ProjectConfigurationPlatforms) = postSolution
		{5D78D78A-83E8-4D1F-9D70-C4BB516D5730}.Debug|Any CPU.ActiveCfg = Debug|Any CPU
		{5D78D78A-83E8-4D1F-9D70-C4BB516D5730}.Debug|Any CPU.Build.0 = Debug|Any CPU
		{5D78D78A-83E8-4D1F-9D70-C4BB516D5730}.Release|Any CPU.ActiveCfg = Release|Any CPU
		{5D78D78A-83E8-4D1F-9D70-C4BB516D5730}.Release|Any CPU.Build.0 = Release|Any CPU
		{BC3F34B8-7100-453E-B8EB-519FAB1CC0BC}.Debug|Any CPU.ActiveCfg = Debug|Any CPU
		{BC3F34B8-7100-453E-B8EB-519FAB1CC0BC}.Debug|Any CPU.Build.0 = Debug|Any CPU
		{BC3F34B8-7100-453E-B8EB-519FAB1CC0BC}.Release|Any CPU.ActiveCfg = Release|Any CPU
		{BC3F34B8-7100-453E-B8EB-519FAB1CC0BC}.Release|Any CPU.Build.0 = Release|Any CPU
		{4D8951A2-F6FA-4AAC-9472-B9F8299CED04}.Debug|Any CPU.ActiveCfg = Debug|Any CPU
		{4D8951A2-F6FA-4AAC-9472-B9F8299CED04}.Debug|Any CPU.Build.0 = Debug|Any CPU
		{4D8951A2-F6FA-4AAC-9472-B9F8299CED04}.Release|Any CPU.ActiveCfg = Release|Any CPU
		{4D8951A2-F6FA-4AAC-9472-B9F8299CED04}.Release|Any CPU.Build.0 = Release|Any CPU
		{02D74D81-5F5D-4D35-879B-3A70E42B636D}.Debug|Any CPU.ActiveCfg = Debug|Any CPU
		{02D74D81-5F5D-4D35-879B-3A70E42B636D}.Debug|Any CPU.Build.0 = Debug|Any CPU
		{02D74D81-5F5D-4D35-879B-3A70E42B636D}.Release|Any CPU.ActiveCfg = Release|Any CPU
		{02D74D81-5F5D-4D35-879B-3A70E42B636D}.Release|Any CPU.Build.0 = Release|Any CPU
	EndGlobalSection
EndGlobal
